{
  "name": "smashupgenerator",
  "version": "1.4.2",
  "lockfileVersion": 2,
  "requires": true,
  "packages": {
    "": {
      "name": "smashupgenerator",
      "version": "1.4.2",
      "license": "ISC",
      "dependencies": {
        "classnames": "^2.2.0",
        "immutable": "^3.7.4",
        "js-cookie": "^2.2.0",
        "react": "^0.14.2",
        "react-addons-pure-render-mixin": "^0.14.3",
        "react-addons-update": "^0.14.2",
        "react-dom": "^0.14.2"
      }
    },
    "node_modules/classnames": {
      "version": "2.2.0",
      "license": "MIT"
    },
    "node_modules/immutable": {
      "version": "3.7.5",
      "license": "BSD-3-Clause",
      "engines": {
        "node": ">=0.8.0"
      }
    },
    "node_modules/js-cookie": {
      "version": "2.2.0",
      "license": "MIT"
    },
    "node_modules/react": {
      "version": "0.14.3",
      "license": "BSD-3-Clause",
      "dependencies": {
        "envify": "^3.0.0",
        "fbjs": "^0.3.1"
      },
      "engines": {
        "node": ">=0.10.0"
      }
    },
    "node_modules/react-addons-pure-render-mixin": {
      "version": "0.14.3",
      "license": "BSD-3-Clause",
      "peerDependencies": {
        "react": "^0.14.3"
      }
    },
    "node_modules/react-addons-update": {
      "version": "0.14.3",
      "license": "BSD-3-Clause",
      "peerDependencies": {
        "react": "^0.14.3"
      }
    },
    "node_modules/react-dom": {
      "version": "0.14.3",
      "license": "BSD-3-Clause",
      "peerDependencies": {
        "react": "^0.14.3"
      }
    },
    "node_modules/react/node_modules/envify": {
      "version": "3.4.0",
      "license": "MIT",
      "dependencies": {
        "jstransform": "^10.0.1",
        "through": "~2.3.4"
      },
      "bin": {
        "envify": "bin/envify"
      }
    },
    "node_modules/react/node_modules/envify/node_modules/jstransform": {
      "version": "10.1.0",
      "dependencies": {
        "base62": "0.1.1",
        "esprima-fb": "13001.1001.0-dev-harmony-fb",
        "source-map": "0.1.31"
      },
      "engines": {
        "node": ">=0.8.8"
      }
    },
    "node_modules/react/node_modules/envify/node_modules/jstransform/node_modules/base62": {
      "version": "0.1.1",
      "engines": {
        "node": "*"
      }
    },
    "node_modules/react/node_modules/envify/node_modules/jstransform/node_modules/esprima-fb": {
      "version": "13001.1001.0-dev-harmony-fb",
      "bin": {
        "esparse": "bin/esparse.js",
        "esvalidate": "bin/esvalidate.js"
      },
      "engines": {
        "node": ">=0.4.0"
      }
    },
    "node_modules/react/node_modules/envify/node_modules/jstransform/node_modules/source-map": {
      "version": "0.1.31",
      "dependencies": {
        "amdefine": ">=0.0.4"
      },
      "engines": {
        "node": ">=0.8.0"
      }
    },
    "node_modules/react/node_modules/envify/node_modules/jstransform/node_modules/source-map/node_modules/amdefine": {
      "version": "1.0.0",
      "license": "BSD-3-Clause AND MIT",
      "engines": {
        "node": ">=0.4.2"
      }
    },
    "node_modules/react/node_modules/envify/node_modules/through": {
      "version": "2.3.8",
      "license": "MIT"
    },
    "node_modules/react/node_modules/fbjs": {
      "version": "0.3.2",
      "license": "BSD-3-Clause",
      "dependencies": {
        "core-js": "^1.0.0",
        "loose-envify": "^1.0.0",
        "promise": "^7.0.3",
        "ua-parser-js": "^0.7.9",
        "whatwg-fetch": "^0.9.0"
      }
    },
    "node_modules/react/node_modules/fbjs/node_modules/core-js": {
      "version": "1.2.6",
      "license": "MIT"
    },
    "node_modules/react/node_modules/fbjs/node_modules/loose-envify": {
      "version": "1.1.0",
      "license": "MIT",
      "dependencies": {
        "js-tokens": "^1.0.1"
      }
    },
    "node_modules/react/node_modules/fbjs/node_modules/loose-envify/node_modules/js-tokens": {
      "version": "1.0.2",
      "license": "MIT"
    },
    "node_modules/react/node_modules/fbjs/node_modules/promise": {
      "version": "7.0.4",
      "license": "MIT",
      "dependencies": {
        "asap": "~2.0.3"
      }
    },
    "node_modules/react/node_modules/fbjs/node_modules/promise/node_modules/asap": {
      "version": "2.0.3",
      "license": "MIT"
    },
    "node_modules/react/node_modules/fbjs/node_modules/whatwg-fetch": {
      "version": "0.9.0"
    },
    "node_modules/ua-parser-js": {
      "version": "0.7.31",
      "resolved": "https://registry.npmjs.org/ua-parser-js/-/ua-parser-js-0.7.31.tgz",
      "integrity": "sha512-qLK/Xe9E2uzmYI3qLeOmI0tEOt+TBBQyUIAh4aAgU05FVYzeZrKUdkAZfBNVGRaHVgV0TDkdEngJSw/SyQchkQ==",
      "funding": [
        {
          "type": "opencollective",
          "url": "https://opencollective.com/ua-parser-js"
        },
        {
          "type": "paypal",
          "url": "https://paypal.me/faisalman"
        }
      ],
      "engines": {
        "node": "*"
      }
    }
  },
  "dependencies": {
    "classnames": {
      "version": "2.2.0"
    },
    "immutable": {
      "version": "3.7.5"
    },
    "js-cookie": {
      "version": "2.2.0"
    },
    "react": {
      "version": "0.14.3",
      "requires": {
        "envify": "^3.0.0",
        "fbjs": "^0.3.1"
      },
      "dependencies": {
        "envify": {
          "version": "3.4.0",
          "requires": {
            "jstransform": "^10.0.1",
            "through": "~2.3.4"
          },
          "dependencies": {
            "jstransform": {
              "version": "10.1.0",
              "requires": {
                "base62": "0.1.1",
                "esprima-fb": "13001.1001.0-dev-harmony-fb",
                "source-map": "0.1.31"
              },
              "dependencies": {
                "base62": {
                  "version": "0.1.1"
                },
                "esprima-fb": {
                  "version": "13001.1001.0-dev-harmony-fb"
                },
                "source-map": {
                  "version": "0.1.31",
                  "requires": {
                    "amdefine": ">=0.0.4"
                  },
                  "dependencies": {
                    "amdefine": {
                      "version": "1.0.0"
                    }
                  }
                }
              }
            },
            "through": {
              "version": "2.3.8"
            }
          }
        },
        "fbjs": {
          "version": "0.3.2",
          "requires": {
            "core-js": "^1.0.0",
            "loose-envify": "^1.0.0",
            "promise": "^7.0.3",
            "ua-parser-js": "^0.7.9",
            "whatwg-fetch": "^0.9.0"
          },
          "dependencies": {
            "core-js": {
              "version": "1.2.6"
            },
            "loose-envify": {
              "version": "1.1.0",
              "requires": {
                "js-tokens": "^1.0.1"
              },
              "dependencies": {
                "js-tokens": {
                  "version": "1.0.2"
                }
              }
            },
            "promise": {
              "version": "7.0.4",
              "requires": {
                "asap": "~2.0.3"
              },
              "dependencies": {
                "asap": {
                  "version": "2.0.3"
                }
              }
            },
            "whatwg-fetch": {
              "version": "0.9.0"
            }
          }
        }
      }
    },
    "react-addons-pure-render-mixin": {
      "version": "0.14.3",
      "requires": {}
    },
    "react-addons-update": {
      "version": "0.14.3",
      "requires": {}
    },
    "react-dom": {
      "version": "0.14.3",
      "requires": {}
    },
    "ua-parser-js": {
      "version": "0.7.31",
      "resolved": "https://registry.npmjs.org/ua-parser-js/-/ua-parser-js-0.7.31.tgz",
      "integrity": "sha512-qLK/Xe9E2uzmYI3qLeOmI0tEOt+TBBQyUIAh4aAgU05FVYzeZrKUdkAZfBNVGRaHVgV0TDkdEngJSw/SyQchkQ=="
    }
  }
}
